<?xml version="1.0" encoding="utf-8"?>
<Project ToolsVersion="4.0" xmlns="http://schemas.microsoft.com/developer/msbuild/2003">
  <ItemGroup>
    <Filter Include="Source Files">
      <UniqueIdentifier>{4FC737F1-C7A5-4376-A066-2A32D752A2FF}</UniqueIdentifier>
      <Extensions>cpp;c;cc;cxx;c++;cppm;ixx;def;odl;idl;hpj;bat;asm;asmx</Extensions>
    </Filter>
    <Filter Include="Resource Files">
      <UniqueIdentifier>{67DA6AB6-F800-4c08-8B7A-83BB121AAD01}</UniqueIdentifier>
      <Extensions>rc;ico;cur;bmp;dlg;rc2;rct;bin;rgs;gif;jpg;jpeg;jpe;resx;tiff;tif;png;wav;mfcribbon-ms</Extensions>
    </Filter>
    <Filter Include="shaders">
      <UniqueIdentifier>{c5d864f5-53ef-4b24-84f5-69c250de7277}</UniqueIdentifier>
    </Filter>
    <Filter Include="engine">
      <UniqueIdentifier>{93995380-89BD-4b04-88EB-625FBE52EBFB}</UniqueIdentifier>
      <Extensions>h;hh;hpp;hxx;h++;hm;inl;inc;ipp;xsd</Extensions>
    </Filter>
    <Filter Include="engine\math">
      <UniqueIdentifier>{8637fbc2-cf02-4da4-bafd-aab83c511056}</UniqueIdentifier>
    </Filter>
    <Filter Include="engine\render">
      <UniqueIdentifier>{3b36de1e-c19a-44ba-b5ba-fe5ee58343b5}</UniqueIdentifier>
    </Filter>
    <Filter Include="engine\render\Direct11">
      <UniqueIdentifier>{1fcf6c70-a930-4dbb-b59d-e202c52e577a}</UniqueIdentifier>
    </Filter>
    <Filter Include="engine\objects">
      <UniqueIdentifier>{49ce2637-0642-4abd-bce1-b23716aeec9b}</UniqueIdentifier>
    </Filter>
    <Filter Include="engine\moving">
      <UniqueIdentifier>{b75f5270-20a6-49d8-917c-9d8df3c9adc3}</UniqueIdentifier>
    </Filter>
    <Filter Include="engine\imgui">
      <UniqueIdentifier>{1fd82a38-17ab-4eb0-a644-ff929261b584}</UniqueIdentifier>
    </Filter>
    <Filter Include="engine\win32">
      <UniqueIdentifier>{cec55c35-9b91-4bc0-99b7-aaf1b1bc45b9}</UniqueIdentifier>
    </Filter>
    <Filter Include="engine\assimp">
      <UniqueIdentifier>{9dd61ad2-ae55-430e-bbf1-d1445f273ff6}</UniqueIdentifier>
    </Filter>
    <Filter Include="engine\data_structures">
      <UniqueIdentifier>{01221eb6-cf74-4f76-b7db-49dbf16778a0}</UniqueIdentifier>
    </Filter>
  </ItemGroup>
  <ItemGroup>
    <ClCompile Include="Main.cpp">
      <Filter>Source Files</Filter>
    </ClCompile>
    <ClCompile Include="engine\Scene.cpp">
      <Filter>Source Files</Filter>
    </ClCompile>
    <ClCompile Include="engine\Controller.cpp">
      <Filter>Source Files</Filter>
    </ClCompile>
    <ClCompile Include="engine\math\Transform.cpp">
      <Filter>engine\math</Filter>
    </ClCompile>
    <ClCompile Include="engine\math\math.cpp">
      <Filter>engine\math</Filter>
    </ClCompile>
    <ClCompile Include="engine\math\Sphere.cpp">
      <Filter>engine\math</Filter>
    </ClCompile>
    <ClCompile Include="engine\render\Direct11\DDSTextureLoader11.cpp">
      <Filter>Source Files</Filter>
    </ClCompile>
    <ClCompile Include="engine\render\ShaderManager.cpp">
      <Filter>Source Files</Filter>
    </ClCompile>
    <ClCompile Include="engine\objects\Skybox.cpp">
      <Filter>Source Files</Filter>
    </ClCompile>
    <ClCompile Include="engine\imgui\imgui.cpp">
      <Filter>engine\imgui</Filter>
    </ClCompile>
    <ClCompile Include="engine\imgui\imgui_demo.cpp">
      <Filter>engine\imgui</Filter>
    </ClCompile>
    <ClCompile Include="engine\imgui\imgui_draw.cpp">
      <Filter>engine\imgui</Filter>
    </ClCompile>
    <ClCompile Include="engine\imgui\imgui_impl_dx11.cpp">
      <Filter>engine\imgui</Filter>
    </ClCompile>
    <ClCompile Include="engine\imgui\imgui_impl_win32.cpp">
      <Filter>engine\imgui</Filter>
    </ClCompile>
    <ClCompile Include="engine\imgui\imgui_tables.cpp">
      <Filter>engine\imgui</Filter>
    </ClCompile>
    <ClCompile Include="engine\imgui\imgui_widgets.cpp">
      <Filter>engine\imgui</Filter>
    </ClCompile>
    <ClCompile Include="engine\win32\Window.cpp">
      <Filter>engine\win32</Filter>
    </ClCompile>
    <ClCompile Include="engine\render\ModelManager.cpp">
      <Filter>Source Files</Filter>
    </ClCompile>
    <ClCompile Include="engine\render\OpaqueInstances.cpp">
      <Filter>Source Files</Filter>
    </ClCompile>
    <ClCompile Include="engine\render\MeshSystem.cpp">
      <Filter>Source Files</Filter>
    </ClCompile>
    <ClCompile Include="engine\render\MaterialManager.cpp">
      <Filter>Source Files</Filter>
    </ClCompile>
    <ClCompile Include="engine\Engine.cpp">
      <Filter>Source Files</Filter>
    </ClCompile>
    <ClCompile Include="engine\render\Direct11\Direct3D.cpp">
      <Filter>engine\render\Direct11</Filter>
    </ClCompile>
    <ClCompile Include="engine\render\Direct11\ImmutableBuffer.cpp">
      <Filter>Source Files</Filter>
    </ClCompile>
    <ClCompile Include="engine\render\Direct11\DynamicBuffer.cpp">
      <Filter>Source Files</Filter>
    </ClCompile>
    <ClCompile Include="engine\render\EmissiveInstances.cpp">
      <Filter>Source Files</Filter>
    </ClCompile>
    <ClCompile Include="engine\moving\TransformSystem.cpp">
      <Filter>Source Files</Filter>
    </ClCompile>
    <ClCompile Include="engine\render\LightSystem.cpp">
      <Filter>Source Files</Filter>
    </ClCompile>
    <ClCompile Include="engine\data_structures\TriangleOctree.cpp">
      <Filter>engine\data_structures</Filter>
    </ClCompile>
    <ClCompile Include="engine\math\Ray.cpp">
      <Filter>engine\data_structures</Filter>
    </ClCompile>
    <ClCompile Include="engine\math\Camera.cpp">
      <Filter>engine\math</Filter>
    </ClCompile>
    <ClCompile Include="engine\PostProcess.cpp">
      <Filter>Source Files</Filter>
    </ClCompile>
    <ClCompile Include="engine\render\Direct11\RenderBuffer.cpp">
      <Filter>engine\render\Direct11</Filter>
    </ClCompile>
    <ClCompile Include="engine\render\TextureManager.cpp">
      <Filter>Source Files</Filter>
    </ClCompile>
  </ItemGroup>
  <ItemGroup>
    <ClInclude Include="engine\Engine.h">
      <Filter>engine</Filter>
    </ClInclude>
    <ClInclude Include="engine\Timer.h">
      <Filter>engine</Filter>
    </ClInclude>
    <ClInclude Include="engine\Scene.h">
      <Filter>engine</Filter>
    </ClInclude>
    <ClInclude Include="engine\Controller.h">
      <Filter>engine</Filter>
    </ClInclude>
    <ClInclude Include="engine\math\Ray.h">
      <Filter>engine\math</Filter>
    </ClInclude>
    <ClInclude Include="engine\math\Sphere.h">
      <Filter>engine\math</Filter>
    </ClInclude>
    <ClInclude Include="engine\math\Plane.h">
      <Filter>engine\math</Filter>
    </ClInclude>
    <ClInclude Include="engine\math\Intersection.h">
      <Filter>engine\math</Filter>
    </ClInclude>
    <ClInclude Include="engine\math\Transform.h">
      <Filter>engine\math</Filter>
    </ClInclude>
    <ClInclude Include="engine\math\math.h">
      <Filter>engine\math</Filter>
    </ClInclude>
    <ClInclude Include="engine\render\Material.h">
      <Filter>engine\render</Filter>
    </ClInclude>
    <ClInclude Include="engine\render\Lighting.h">
      <Filter>engine\render</Filter>
    </ClInclude>
    <ClInclude Include="engine\objects\LightObjects.h">
      <Filter>engine\objects</Filter>
    </ClInclude>
    <ClInclude Include="engine\IntersectionQuery.h">
      <Filter>engine</Filter>
    </ClInclude>
    <ClInclude Include="engine\ImageSettings.h">
      <Filter>engine</Filter>
    </ClInclude>
    <ClInclude Include="engine\includes\win.h">
      <Filter>engine\win32</Filter>
    </ClInclude>
    <ClInclude Include="engine\includes\win_undef.h">
      <Filter>engine\win32</Filter>
    </ClInclude>
    <ClInclude Include="engine\includes\win_def.h">
      <Filter>engine\win32</Filter>
    </ClInclude>
    <ClInclude Include="engine\render\Direct11\DDSTextureLoader11.h">
      <Filter>engine\render\Direct11</Filter>
    </ClInclude>
    <ClInclude Include="engine\render\Direct11\Direct3D.h">
      <Filter>engine\render\Direct11</Filter>
    </ClInclude>
    <ClInclude Include="engine\render\ShaderManager.h">
      <Filter>engine\render</Filter>
    </ClInclude>
    <ClInclude Include="engine\render\TextureManager.h">
      <Filter>engine\render</Filter>
    </ClInclude>
    <ClInclude Include="engine\render\Direct11\d3d.h">
      <Filter>engine\render\Direct11</Filter>
    </ClInclude>
    <ClInclude Include="engine\render\Direct11\ImmutableBuffer.h">
      <Filter>engine\render\Direct11</Filter>
    </ClInclude>
    <ClInclude Include="engine\objects\Skybox.h">
      <Filter>engine\objects</Filter>
    </ClInclude>
    <ClInclude Include="engine\render\Direct11\DynamicBuffer.h">
      <Filter>engine\render\Direct11</Filter>
    </ClInclude>
    <ClInclude Include="engine\imgui\imconfig.h">
      <Filter>engine\imgui</Filter>
    </ClInclude>
    <ClInclude Include="engine\imgui\imgui.h">
      <Filter>engine\imgui</Filter>
    </ClInclude>
    <ClInclude Include="engine\imgui\imgui_impl_dx11.h">
      <Filter>engine\imgui</Filter>
    </ClInclude>
    <ClInclude Include="engine\imgui\imgui_impl_win32.h">
      <Filter>engine\imgui</Filter>
    </ClInclude>
    <ClInclude Include="engine\imgui\imgui_internal.h">
      <Filter>engine\imgui</Filter>
    </ClInclude>
    <ClInclude Include="engine\imgui\imstb_rectpack.h">
      <Filter>engine\imgui</Filter>
    </ClInclude>
    <ClInclude Include="engine\imgui\imstb_textedit.h">
      <Filter>engine\imgui</Filter>
    </ClInclude>
    <ClInclude Include="engine\imgui\imstb_truetype.h">
      <Filter>engine\imgui</Filter>
    </ClInclude>
    <ClInclude Include="engine\imgui\ImGuiManager.h">
      <Filter>engine\imgui</Filter>
    </ClInclude>
    <ClInclude Include="engine\win32\Window.h">
      <Filter>engine\win32</Filter>
    </ClInclude>
    <ClInclude Include="engine\win32\WinListener.h">
      <Filter>engine\win32</Filter>
    </ClInclude>
    <ClInclude Include="engine\wchar_algorithms.h">
      <Filter>engine</Filter>
    </ClInclude>
    <ClInclude Include="engine\assimp\aabb.h">
      <Filter>engine\assimp</Filter>
    </ClInclude>
    <ClInclude Include="engine\assimp\ai_assert.h">
      <Filter>engine\assimp</Filter>
    </ClInclude>
    <ClInclude Include="engine\assimp\anim.h">
      <Filter>engine\assimp</Filter>
    </ClInclude>
    <ClInclude Include="engine\assimp\Base64.hpp">
      <Filter>engine\assimp</Filter>
    </ClInclude>
    <ClInclude Include="engine\assimp\BaseImporter.h">
      <Filter>engine\assimp</Filter>
    </ClInclude>
    <ClInclude Include="engine\assimp\Bitmap.h">
      <Filter>engine\assimp</Filter>
    </ClInclude>
    <ClInclude Include="engine\assimp\BlobIOSystem.h">
      <Filter>engine\assimp</Filter>
    </ClInclude>
    <ClInclude Include="engine\assimp\ByteSwapper.h">
      <Filter>engine\assimp</Filter>
    </ClInclude>
    <ClInclude Include="engine\assimp\camera.h">
      <Filter>engine\assimp</Filter>
    </ClInclude>
    <ClInclude Include="engine\assimp\cexport.h">
      <Filter>engine\assimp</Filter>
    </ClInclude>
    <ClInclude Include="engine\assimp\cfileio.h">
      <Filter>engine\assimp</Filter>
    </ClInclude>
    <ClInclude Include="engine\assimp\cimport.h">
      <Filter>engine\assimp</Filter>
    </ClInclude>
    <ClInclude Include="engine\assimp\ColladaMetaData.h">
      <Filter>engine\assimp</Filter>
    </ClInclude>
    <ClInclude Include="engine\assimp\color4.h">
      <Filter>engine\assimp</Filter>
    </ClInclude>
    <ClInclude Include="engine\assimp\commonMetaData.h">
      <Filter>engine\assimp</Filter>
    </ClInclude>
    <ClInclude Include="engine\assimp\config.h">
      <Filter>engine\assimp</Filter>
    </ClInclude>
    <ClInclude Include="engine\assimp\CreateAnimMesh.h">
      <Filter>engine\assimp</Filter>
    </ClInclude>
    <ClInclude Include="engine\assimp\DefaultIOStream.h">
      <Filter>engine\assimp</Filter>
    </ClInclude>
    <ClInclude Include="engine\assimp\DefaultIOSystem.h">
      <Filter>engine\assimp</Filter>
    </ClInclude>
    <ClInclude Include="engine\assimp\DefaultLogger.hpp">
      <Filter>engine\assimp</Filter>
    </ClInclude>
    <ClInclude Include="engine\assimp\defs.h">
      <Filter>engine\assimp</Filter>
    </ClInclude>
    <ClInclude Include="engine\assimp\Exceptional.h">
      <Filter>engine\assimp</Filter>
    </ClInclude>
    <ClInclude Include="engine\assimp\Exporter.hpp">
      <Filter>engine\assimp</Filter>
    </ClInclude>
    <ClInclude Include="engine\assimp\fast_atof.h">
      <Filter>engine\assimp</Filter>
    </ClInclude>
    <ClInclude Include="engine\assimp\GenericProperty.h">
      <Filter>engine\assimp</Filter>
    </ClInclude>
    <ClInclude Include="engine\assimp\GltfMaterial.h">
      <Filter>engine\assimp</Filter>
    </ClInclude>
    <ClInclude Include="engine\assimp\Hash.h">
      <Filter>engine\assimp</Filter>
    </ClInclude>
    <ClInclude Include="engine\assimp\Importer.hpp">
      <Filter>engine\assimp</Filter>
    </ClInclude>
    <ClInclude Include="engine\assimp\importerdesc.h">
      <Filter>engine\assimp</Filter>
    </ClInclude>
    <ClInclude Include="engine\assimp\IOStream.hpp">
      <Filter>engine\assimp</Filter>
    </ClInclude>
    <ClInclude Include="engine\assimp\IOStreamBuffer.h">
      <Filter>engine\assimp</Filter>
    </ClInclude>
    <ClInclude Include="engine\assimp\IOSystem.hpp">
      <Filter>engine\assimp</Filter>
    </ClInclude>
    <ClInclude Include="engine\assimp\light.h">
      <Filter>engine\assimp</Filter>
    </ClInclude>
    <ClInclude Include="engine\assimp\LineSplitter.h">
      <Filter>engine\assimp</Filter>
    </ClInclude>
    <ClInclude Include="engine\assimp\LogAux.h">
      <Filter>engine\assimp</Filter>
    </ClInclude>
    <ClInclude Include="engine\assimp\Logger.hpp">
      <Filter>engine\assimp</Filter>
    </ClInclude>
    <ClInclude Include="engine\assimp\LogStream.hpp">
      <Filter>engine\assimp</Filter>
    </ClInclude>
    <ClInclude Include="engine\assimp\material.h">
      <Filter>engine\assimp</Filter>
    </ClInclude>
    <ClInclude Include="engine\assimp\MathFunctions.h">
      <Filter>engine\assimp</Filter>
    </ClInclude>
    <ClInclude Include="engine\assimp\matrix3x3.h">
      <Filter>engine\assimp</Filter>
    </ClInclude>
    <ClInclude Include="engine\assimp\matrix4x4.h">
      <Filter>engine\assimp</Filter>
    </ClInclude>
    <ClInclude Include="engine\assimp\MemoryIOWrapper.h">
      <Filter>engine\assimp</Filter>
    </ClInclude>
    <ClInclude Include="engine\assimp\mesh.h">
      <Filter>engine\assimp</Filter>
    </ClInclude>
    <ClInclude Include="engine\assimp\metadata.h">
      <Filter>engine\assimp</Filter>
    </ClInclude>
    <ClInclude Include="engine\assimp\NullLogger.hpp">
      <Filter>engine\assimp</Filter>
    </ClInclude>
    <ClInclude Include="engine\assimp\ObjMaterial.h">
      <Filter>engine\assimp</Filter>
    </ClInclude>
    <ClInclude Include="engine\assimp\ParsingUtils.h">
      <Filter>engine\assimp</Filter>
    </ClInclude>
    <ClInclude Include="engine\assimp\pbrmaterial.h">
      <Filter>engine\assimp</Filter>
    </ClInclude>
    <ClInclude Include="engine\assimp\postprocess.h">
      <Filter>engine\assimp</Filter>
    </ClInclude>
    <ClInclude Include="engine\assimp\Profiler.h">
      <Filter>engine\assimp</Filter>
    </ClInclude>
    <ClInclude Include="engine\assimp\ProgressHandler.hpp">
      <Filter>engine\assimp</Filter>
    </ClInclude>
    <ClInclude Include="engine\assimp\qnan.h">
      <Filter>engine\assimp</Filter>
    </ClInclude>
    <ClInclude Include="engine\assimp\quaternion.h">
      <Filter>engine\assimp</Filter>
    </ClInclude>
    <ClInclude Include="engine\assimp\RemoveComments.h">
      <Filter>engine\assimp</Filter>
    </ClInclude>
    <ClInclude Include="engine\assimp\scene.h">
      <Filter>engine\assimp</Filter>
    </ClInclude>
    <ClInclude Include="engine\assimp\SceneCombiner.h">
      <Filter>engine\assimp</Filter>
    </ClInclude>
    <ClInclude Include="engine\assimp\SGSpatialSort.h">
      <Filter>engine\assimp</Filter>
    </ClInclude>
    <ClInclude Include="engine\assimp\SkeletonMeshBuilder.h">
      <Filter>engine\assimp</Filter>
    </ClInclude>
    <ClInclude Include="engine\assimp\SmallVector.h">
      <Filter>engine\assimp</Filter>
    </ClInclude>
    <ClInclude Include="engine\assimp\SmoothingGroups.h">
      <Filter>engine\assimp</Filter>
    </ClInclude>
    <ClInclude Include="engine\assimp\SpatialSort.h">
      <Filter>engine\assimp</Filter>
    </ClInclude>
    <ClInclude Include="engine\assimp\StandardShapes.h">
      <Filter>engine\assimp</Filter>
    </ClInclude>
    <ClInclude Include="engine\assimp\StreamReader.h">
      <Filter>engine\assimp</Filter>
    </ClInclude>
    <ClInclude Include="engine\assimp\StreamWriter.h">
      <Filter>engine\assimp</Filter>
    </ClInclude>
    <ClInclude Include="engine\assimp\StringComparison.h">
      <Filter>engine\assimp</Filter>
    </ClInclude>
    <ClInclude Include="engine\assimp\StringUtils.h">
      <Filter>engine\assimp</Filter>
    </ClInclude>
    <ClInclude Include="engine\assimp\Subdivision.h">
      <Filter>engine\assimp</Filter>
    </ClInclude>
    <ClInclude Include="engine\assimp\texture.h">
      <Filter>engine\assimp</Filter>
    </ClInclude>
    <ClInclude Include="engine\assimp\TinyFormatter.h">
      <Filter>engine\assimp</Filter>
    </ClInclude>
    <ClInclude Include="engine\assimp\types.h">
      <Filter>engine\assimp</Filter>
    </ClInclude>
    <ClInclude Include="engine\assimp\vector2.h">
      <Filter>engine\assimp</Filter>
    </ClInclude>
    <ClInclude Include="engine\assimp\vector3.h">
      <Filter>engine\assimp</Filter>
    </ClInclude>
    <ClInclude Include="engine\assimp\version.h">
      <Filter>engine\assimp</Filter>
    </ClInclude>
    <ClInclude Include="engine\assimp\Vertex.h">
      <Filter>engine\assimp</Filter>
    </ClInclude>
    <ClInclude Include="engine\assimp\XmlParser.h">
      <Filter>engine\assimp</Filter>
    </ClInclude>
    <ClInclude Include="engine\assimp\XMLTools.h">
      <Filter>engine\assimp</Filter>
    </ClInclude>
    <ClInclude Include="engine\assimp\ZipArchiveIOSystem.h">
      <Filter>engine\assimp</Filter>
    </ClInclude>
    <ClInclude Include="engine\objects\SphereObject.h">
      <Filter>engine\objects</Filter>
    </ClInclude>
    <ClInclude Include="engine\render\OpaqueInstances.h">
      <Filter>engine\render</Filter>
    </ClInclude>
    <ClInclude Include="engine\render\ModelManager.h">
      <Filter>engine\render</Filter>
    </ClInclude>
    <ClInclude Include="engine\render\MaterialManager.h">
      <Filter>engine\render</Filter>
    </ClInclude>
    <ClInclude Include="engine\render\MeshSystem.h">
      <Filter>engine\render</Filter>
    </ClInclude>
    <ClInclude Include="engine\render\EmissiveInstances.h">
      <Filter>engine\render</Filter>
    </ClInclude>
    <ClInclude Include="engine\data_structures\solid_vector.h">
      <Filter>engine\data_structures</Filter>
    </ClInclude>
    <ClInclude Include="engine\moving\TransformSystem.h">
      <Filter>engine\moving</Filter>
    </ClInclude>
    <ClInclude Include="engine\data_structures\TriangleOctree.h">
      <Filter>engine\data_structures</Filter>
    </ClInclude>
    <ClInclude Include="engine\math\AABB.h">
      <Filter>engine\math</Filter>
    </ClInclude>
    <ClInclude Include="engine\objects\Model.h">
      <Filter>engine\objects</Filter>
    </ClInclude>
    <ClInclude Include="engine\render\LightSystem.h">
      <Filter>engine\render</Filter>
    </ClInclude>
    <ClInclude Include="engine\math\Camera.h">
      <Filter>engine\math</Filter>
    </ClInclude>
    <ClInclude Include="engine\PostProcess.h">
      <Filter>engine</Filter>
    </ClInclude>
    <ClInclude Include="engine\render\Direct11\RenderBuffer.h">
      <Filter>engine\render\Direct11</Filter>
    </ClInclude>
  </ItemGroup>
  <ItemGroup>
    <FxCompile Include="shaders\opaque.hlsl">
      <Filter>shaders</Filter>
    </FxCompile>
    <FxCompile Include="shaders\sky.hlsl">
      <Filter>shaders</Filter>
    </FxCompile>
    <FxCompile Include="shaders\emissive.hlsl">
      <Filter>shaders</Filter>
    </FxCompile>
    <FxCompile Include="shaders\resolve_ms.hlsl">
      <Filter>shaders</Filter>
    </FxCompile>
    <FxCompile Include="shaders\omnidirectional_shadows.hlsl">
      <Filter>shaders</Filter>
    </FxCompile>
    <FxCompile Include="shaders\resolve.hlsl">
      <Filter>shaders</Filter>
    </FxCompile>
    <FxCompile Include="shaders\directional_shadows.hlsl">
      <Filter>shaders</Filter>
    </FxCompile>
  </ItemGroup>
  <ItemGroup>
    <None Include="shaders\globals.hlsli">
      <Filter>shaders</Filter>
    </None>
    <None Include="engine\assimp\.editorconfig">
      <Filter>engine\assimp</Filter>
    </None>
    <None Include="engine\assimp\color4.inl">
      <Filter>engine\assimp</Filter>
    </None>
    <None Include="engine\assimp\config.h.in">
      <Filter>engine\assimp</Filter>
    </None>
    <None Include="engine\assimp\material.inl">
      <Filter>engine\assimp</Filter>
    </None>
    <None Include="engine\assimp\matrix3x3.inl">
      <Filter>engine\assimp</Filter>
    </None>
    <None Include="engine\assimp\matrix4x4.inl">
      <Filter>engine\assimp</Filter>
    </None>
    <None Include="engine\assimp\quaternion.inl">
      <Filter>engine\assimp</Filter>
    </None>
    <None Include="engine\assimp\SmoothingGroups.inl">
      <Filter>engine\assimp</Filter>
    </None>
    <None Include="engine\assimp\vector2.inl">
      <Filter>engine\assimp</Filter>
    </None>
    <None Include="engine\assimp\vector3.inl">
      <Filter>engine\assimp</Filter>
    </None>
    <None Include="shaders\pbr_render.hlsli">
      <Filter>shaders</Filter>
    </None>
    <None Include="shaders\post_process_helpers.hlsli">
      <Filter>shaders</Filter>
    </None>
    <None Include="shaders\light_calculation.hlsli">
      <Filter>shaders</Filter>
    </None>
    <None Include="shaders\fullscreen.hlsli">
      <Filter>shaders</Filter>
    </None>
  </ItemGroup>
</Project>